
Microsoft Visual Studio Solution File, Format Version 12.00
# Visual Studio 15
Project("{FAE04EC0-301F-11D3-BF4B-00C04F79EFBC}") = "Logarithms", "Logarithms.csproj", "{9F0316DF-67A3-41C3-AC11-D69FE5831833}"
EndProject
Global
	GlobalSection(SolutionConfigurationPlatforms) = preSolution
		Debug|Any CPU = Debug|Any CPU
		Release|Any CPU = Release|Any CPU
	EndGlobalSection
	GlobalSection(ProjectConfigurationPlatforms) = postSolution
		{9F0316DF-67A3-41C3-AC11-D69FE5831833}.Debug|Any CPU.ActiveCfg = Debug|Any CPU
		{9F0316DF-67A3-41C3-AC11-D69FE5831833}.Debug|Any CPU.Build.0 = Debug|Any CPU
		{9F0316DF-67A3-41C3-AC11-D69FE5831833}.Release|Any CPU.ActiveCfg = Release|Any CPU
		{9F0316DF-67A3-41C3-AC11-D69FE5831833}.Release|Any CPU.Build.0 = Release|Any CPU
	EndGlobalSection
EndGlobal
